
Microsoft Visual Studio Solution File, Format Version 12.00
# Visual Studio Version 17
VisualStudioVersion = 17.8.34309.116
MinimumVisualStudioVersion = 10.0.40219.1
Project("{FAE04EC0-301F-11D3-BF4B-00C04F79EFBC}") = "HRMSBackend", "HRMSBackend\HRMSBackend.csproj", "{215CBA0B-4AA3-431F-99A3-1FA6DDE647A9}"
EndProject
Global
	GlobalSection(SolutionConfigurationPlatforms) = preSolution
		Debug|Any CPU = Debug|Any CPU
		Release|Any CPU = Release|Any CPU
	EndGlobalSection
	GlobalSection(ProjectConfigurationPlatforms) = postSolution
		{215CBA0B-4AA3-431F-99A3-1FA6DDE647A9}.Debug|Any CPU.ActiveCfg = Debug|Any CPU
		{215CBA0B-4AA3-431F-99A3-1FA6DDE647A9}.Debug|Any CPU.Build.0 = Debug|Any CPU
		{215CBA0B-4AA3-431F-99A3-1FA6DDE647A9}.Release|Any CPU.ActiveCfg = Release|Any CPU
		{215CBA0B-4AA3-431F-99A3-1FA6DDE647A9}.Release|Any CPU.Build.0 = Release|Any CPU
	EndGlobalSection
	GlobalSection(SolutionProperties) = preSolution
		HideSolutionNode = FALSE
	EndGlobalSection
	GlobalSection(ExtensibilityGlobals) = postSolution
		SolutionGuid = {7C29CD0A-9F01-4100-B878-E2D410509C5A}
	EndGlobalSection
EndGlobal
